
Microsoft Visual Studio Solution File, Format Version 12.00
# Visual Studio Version 16
VisualStudioVersion = 16.0.31424.327
MinimumVisualStudioVersion = 10.0.40219.1
Project("{9A19103F-16F7-4668-BE54-9A1E7A4F7556}") = "Mocha", "Mocha\Mocha.csproj", "{ACE37316-D5C5-4CED-99EC-81ECB7400C42}"
EndProject
Project("{FAE04EC0-301F-11D3-BF4B-00C04F79EFBC}") = "MochaWPF", "MochaWPF\MochaWPF.csproj", "{361AD610-B9A6-4DEB-AA33-CC42698E3572}"
EndProject
Project("{FAE04EC0-301F-11D3-BF4B-00C04F79EFBC}") = "MochaWPFTestApp", "MochaWPFTestApp\MochaWPFTestApp.csproj", "{2F052CF9-7F2B-40B9-95C3-13A810456535}"
EndProject
Project("{FAE04EC0-301F-11D3-BF4B-00C04F79EFBC}") = "MochaCore", "MochaCore\MochaCore.csproj", "{87F166D1-CFCB-4438-82D8-FC13F7A25E37}"
EndProject
Global
	GlobalSection(SolutionConfigurationPlatforms) = preSolution
		Debug|Any CPU = Debug|Any CPU
		Release|Any CPU = Release|Any CPU
	EndGlobalSection
	GlobalSection(ProjectConfigurationPlatforms) = postSolution
		{ACE37316-D5C5-4CED-99EC-81ECB7400C42}.Debug|Any CPU.ActiveCfg = Debug|Any CPU
		{ACE37316-D5C5-4CED-99EC-81ECB7400C42}.Debug|Any CPU.Build.0 = Debug|Any CPU
		{ACE37316-D5C5-4CED-99EC-81ECB7400C42}.Release|Any CPU.ActiveCfg = Release|Any CPU
		{ACE37316-D5C5-4CED-99EC-81ECB7400C42}.Release|Any CPU.Build.0 = Release|Any CPU
		{361AD610-B9A6-4DEB-AA33-CC42698E3572}.Debug|Any CPU.ActiveCfg = Debug|Any CPU
		{361AD610-B9A6-4DEB-AA33-CC42698E3572}.Debug|Any CPU.Build.0 = Debug|Any CPU
		{361AD610-B9A6-4DEB-AA33-CC42698E3572}.Release|Any CPU.ActiveCfg = Release|Any CPU
		{361AD610-B9A6-4DEB-AA33-CC42698E3572}.Release|Any CPU.Build.0 = Release|Any CPU
		{2F052CF9-7F2B-40B9-95C3-13A810456535}.Debug|Any CPU.ActiveCfg = Debug|Any CPU
		{2F052CF9-7F2B-40B9-95C3-13A810456535}.Debug|Any CPU.Build.0 = Debug|Any CPU
		{2F052CF9-7F2B-40B9-95C3-13A810456535}.Release|Any CPU.ActiveCfg = Release|Any CPU
		{2F052CF9-7F2B-40B9-95C3-13A810456535}.Release|Any CPU.Build.0 = Release|Any CPU
		{87F166D1-CFCB-4438-82D8-FC13F7A25E37}.Debug|Any CPU.ActiveCfg = Debug|Any CPU
		{87F166D1-CFCB-4438-82D8-FC13F7A25E37}.Debug|Any CPU.Build.0 = Debug|Any CPU
		{87F166D1-CFCB-4438-82D8-FC13F7A25E37}.Release|Any CPU.ActiveCfg = Release|Any CPU
		{87F166D1-CFCB-4438-82D8-FC13F7A25E37}.Release|Any CPU.Build.0 = Release|Any CPU
	EndGlobalSection
	GlobalSection(SolutionProperties) = preSolution
		HideSolutionNode = FALSE
	EndGlobalSection
	GlobalSection(ExtensibilityGlobals) = postSolution
		SolutionGuid = {43E11F55-7B2D-4C05-809F-BF7A9797FCC9}
	EndGlobalSection
EndGlobal
